// !$*UTF8*$!
{
	archiveVersion = 1;
	classes = {
	};
	objectVersion = 48;
	objects = {

/* Begin PBXBuildFile section */
		DA054C581FC549AF00D35C97 /* UIViewExtension.swift in Sources */ = {isa = PBXBuildFile; fileRef = DA054C571FC549AF00D35C97 /* UIViewExtension.swift */; };
		DA54402A1FBE533D00C648C7 /* AddLocationViewController.swift in Sources */ = {isa = PBXBuildFile; fileRef = DA5440291FBE533D00C648C7 /* AddLocationViewController.swift */; };
		DA54402C1FBE536800C648C7 /* AddLocationMapViewController.swift in Sources */ = {isa = PBXBuildFile; fileRef = DA54402B1FBE536800C648C7 /* AddLocationMapViewController.swift */; };
		DA54402E1FBF49F300C648C7 /* TabBarViewController.swift in Sources */ = {isa = PBXBuildFile; fileRef = DA54402D1FBF49F300C648C7 /* TabBarViewController.swift */; };
		DAE7EEC41FBA0E6400D43DC4 /* AppDelegate.swift in Sources */ = {isa = PBXBuildFile; fileRef = DAE7EEC31FBA0E6400D43DC4 /* AppDelegate.swift */; };
		DAE7EEC91FBA0E6400D43DC4 /* Main.storyboard in Resources */ = {isa = PBXBuildFile; fileRef = DAE7EEC71FBA0E6400D43DC4 /* Main.storyboard */; };
		DAE7EECB1FBA0E6400D43DC4 /* Assets.xcassets in Resources */ = {isa = PBXBuildFile; fileRef = DAE7EECA1FBA0E6400D43DC4 /* Assets.xcassets */; };
		DAE7EECE1FBA0E6400D43DC4 /* LaunchScreen.storyboard in Resources */ = {isa = PBXBuildFile; fileRef = DAE7EECC1FBA0E6400D43DC4 /* LaunchScreen.storyboard */; };
		DAE7EEDC1FBA0F5D00D43DC4 /* LoginViewController.swift in Sources */ = {isa = PBXBuildFile; fileRef = DAE7EEDB1FBA0F5D00D43DC4 /* LoginViewController.swift */; };
		DAE7EEDE1FBA117D00D43DC4 /* UdacityConstants.swift in Sources */ = {isa = PBXBuildFile; fileRef = DAE7EEDD1FBA117D00D43DC4 /* UdacityConstants.swift */; };
		DAE7EEE01FBA118A00D43DC4 /* UdacityClient.swift in Sources */ = {isa = PBXBuildFile; fileRef = DAE7EEDF1FBA118A00D43DC4 /* UdacityClient.swift */; };
		DAE7EEE21FBA11AD00D43DC4 /* UdacityConvenience.swift in Sources */ = {isa = PBXBuildFile; fileRef = DAE7EEE11FBA11AD00D43DC4 /* UdacityConvenience.swift */; };
		DAE7EEE41FBA11CB00D43DC4 /* ParseConstants.swift in Sources */ = {isa = PBXBuildFile; fileRef = DAE7EEE31FBA11CB00D43DC4 /* ParseConstants.swift */; };
		DAE7EEE61FBA11DC00D43DC4 /* ParseClient.swift in Sources */ = {isa = PBXBuildFile; fileRef = DAE7EEE51FBA11DC00D43DC4 /* ParseClient.swift */; };
		DAE7EEE81FBA11F100D43DC4 /* ParseConvenience.swift in Sources */ = {isa = PBXBuildFile; fileRef = DAE7EEE71FBA11F100D43DC4 /* ParseConvenience.swift */; };
		DAE7EEEA1FBA120F00D43DC4 /* StudentLocation.swift in Sources */ = {isa = PBXBuildFile; fileRef = DAE7EEE91FBA120F00D43DC4 /* StudentLocation.swift */; };
		DAE7EEEC1FBA122200D43DC4 /* UserLocation.swift in Sources */ = {isa = PBXBuildFile; fileRef = DAE7EEEB1FBA122200D43DC4 /* UserLocation.swift */; };
		DAE7EEEF1FBA147100D43DC4 /* GCDBlackBox.swift in Sources */ = {isa = PBXBuildFile; fileRef = DAE7EEEE1FBA147100D43DC4 /* GCDBlackBox.swift */; };
		DAE7EEF11FBA17A500D43DC4 /* SignUpWebViewController.swift in Sources */ = {isa = PBXBuildFile; fileRef = DAE7EEF01FBA17A500D43DC4 /* SignUpWebViewController.swift */; };
		DAE7EEF61FBA1D0900D43DC4 /* MapViewController.swift in Sources */ = {isa = PBXBuildFile; fileRef = DAE7EEF51FBA1D0900D43DC4 /* MapViewController.swift */; };
		DAE7EEF81FBA1D5400D43DC4 /* ListTableViewController.swift in Sources */ = {isa = PBXBuildFile; fileRef = DAE7EEF71FBA1D5400D43DC4 /* ListTableViewController.swift */; };
		DAE7EEFA1FBA1D7100D43DC4 /* ListTableViewCell.swift in Sources */ = {isa = PBXBuildFile; fileRef = DAE7EEF91FBA1D7100D43DC4 /* ListTableViewCell.swift */; };
/* End PBXBuildFile section */

/* Begin PBXFileReference section */
		DA054C571FC549AF00D35C97 /* UIViewExtension.swift */ = {isa = PBXFileReference; lastKnownFileType = sourcecode.swift; path = UIViewExtension.swift; sourceTree = "<group>"; };
		DA5440291FBE533D00C648C7 /* AddLocationViewController.swift */ = {isa = PBXFileReference; lastKnownFileType = sourcecode.swift; path = AddLocationViewController.swift; sourceTree = "<group>"; };
		DA54402B1FBE536800C648C7 /* AddLocationMapViewController.swift */ = {isa = PBXFileReference; lastKnownFileType = sourcecode.swift; path = AddLocationMapViewController.swift; sourceTree = "<group>"; };
		DA54402D1FBF49F300C648C7 /* TabBarViewController.swift */ = {isa = PBXFileReference; lastKnownFileType = sourcecode.swift; path = TabBarViewController.swift; sourceTree = "<group>"; };
		DAE7EEC01FBA0E6400D43DC4 /* OnTheMapApp.app */ = {isa = PBXFileReference; explicitFileType = wrapper.application; includeInIndex = 0; path = OnTheMapApp.app; sourceTree = BUILT_PRODUCTS_DIR; };
		DAE7EEC31FBA0E6400D43DC4 /* AppDelegate.swift */ = {isa = PBXFileReference; lastKnownFileType = sourcecode.swift; path = AppDelegate.swift; sourceTree = "<group>"; };
		DAE7EEC81FBA0E6400D43DC4 /* Base */ = {isa = PBXFileReference; lastKnownFileType = file.storyboard; name = Base; path = Base.lproj/Main.storyboard; sourceTree = "<group>"; };
		DAE7EECA1FBA0E6400D43DC4 /* Assets.xcassets */ = {isa = PBXFileReference; lastKnownFileType = folder.assetcatalog; path = Assets.xcassets; sourceTree = "<group>"; };
		DAE7EECD1FBA0E6400D43DC4 /* Base */ = {isa = PBXFileReference; lastKnownFileType = file.storyboard; name = Base; path = Base.lproj/LaunchScreen.storyboard; sourceTree = "<group>"; };
		DAE7EECF1FBA0E6400D43DC4 /* Info.plist */ = {isa = PBXFileReference; lastKnownFileType = text.plist.xml; path = Info.plist; sourceTree = "<group>"; };
		DAE7EEDB1FBA0F5D00D43DC4 /* LoginViewController.swift */ = {isa = PBXFileReference; lastKnownFileType = sourcecode.swift; path = LoginViewController.swift; sourceTree = "<group>"; };
		DAE7EEDD1FBA117D00D43DC4 /* UdacityConstants.swift */ = {isa = PBXFileReference; lastKnownFileType = sourcecode.swift; path = UdacityConstants.swift; sourceTree = "<group>"; };
		DAE7EEDF1FBA118A00D43DC4 /* UdacityClient.swift */ = {isa = PBXFileReference; lastKnownFileType = sourcecode.swift; path = UdacityClient.swift; sourceTree = "<group>"; };
		DAE7EEE11FBA11AD00D43DC4 /* UdacityConvenience.swift */ = {isa = PBXFileReference; lastKnownFileType = sourcecode.swift; path = UdacityConvenience.swift; sourceTree = "<group>"; };
		DAE7EEE31FBA11CB00D43DC4 /* ParseConstants.swift */ = {isa = PBXFileReference; lastKnownFileType = sourcecode.swift; path = ParseConstants.swift; sourceTree = "<group>"; };
		DAE7EEE51FBA11DC00D43DC4 /* ParseClient.swift */ = {isa = PBXFileReference; lastKnownFileType = sourcecode.swift; path = ParseClient.swift; sourceTree = "<group>"; };
		DAE7EEE71FBA11F100D43DC4 /* ParseConvenience.swift */ = {isa = PBXFileReference; lastKnownFileType = sourcecode.swift; path = ParseConvenience.swift; sourceTree = "<group>"; };
		DAE7EEE91FBA120F00D43DC4 /* StudentLocation.swift */ = {isa = PBXFileReference; lastKnownFileType = sourcecode.swift; path = StudentLocation.swift; sourceTree = "<group>"; };
		DAE7EEEB1FBA122200D43DC4 /* UserLocation.swift */ = {isa = PBXFileReference; lastKnownFileType = sourcecode.swift; path = UserLocation.swift; sourceTree = "<group>"; };
		DAE7EEEE1FBA147100D43DC4 /* GCDBlackBox.swift */ = {isa = PBXFileReference; lastKnownFileType = sourcecode.swift; path = GCDBlackBox.swift; sourceTree = "<group>"; };
		DAE7EEF01FBA17A500D43DC4 /* SignUpWebViewController.swift */ = {isa = PBXFileReference; lastKnownFileType = sourcecode.swift; path = SignUpWebViewController.swift; sourceTree = "<group>"; };
		DAE7EEF51FBA1D0900D43DC4 /* MapViewController.swift */ = {isa = PBXFileReference; lastKnownFileType = sourcecode.swift; path = MapViewController.swift; sourceTree = "<group>"; };
		DAE7EEF71FBA1D5400D43DC4 /* ListTableViewController.swift */ = {isa = PBXFileReference; lastKnownFileType = sourcecode.swift; path = ListTableViewController.swift; sourceTree = "<group>"; };
		DAE7EEF91FBA1D7100D43DC4 /* ListTableViewCell.swift */ = {isa = PBXFileReference; lastKnownFileType = sourcecode.swift; path = ListTableViewCell.swift; sourceTree = "<group>"; };
/* End PBXFileReference section */

/* Begin PBXFrameworksBuildPhase section */
		DAE7EEBD1FBA0E6400D43DC4 /* Frameworks */ = {
			isa = PBXFrameworksBuildPhase;
			buildActionMask = 2147483647;
			files = (
			);
			runOnlyForDeploymentPostprocessing = 0;
		};
/* End PBXFrameworksBuildPhase section */

/* Begin PBXGroup section */
		DAE7EEB71FBA0E6400D43DC4 = {
			isa = PBXGroup;
			children = (
				DAE7EEC21FBA0E6400D43DC4 /* OnTheMapApp */,
				DAE7EEC11FBA0E6400D43DC4 /* Products */,
			);
			sourceTree = "<group>";
		};
		DAE7EEC11FBA0E6400D43DC4 /* Products */ = {
			isa = PBXGroup;
			children = (
				DAE7EEC01FBA0E6400D43DC4 /* OnTheMapApp.app */,
			);
			name = Products;
			sourceTree = "<group>";
		};
		DAE7EEC21FBA0E6400D43DC4 /* OnTheMapApp */ = {
			isa = PBXGroup;
			children = (
				DAE7EED51FBA0E8A00D43DC4 /* Model */,
				DAE7EED91FBA0ED200D43DC4 /* View */,
				DAE7EEDA1FBA0EDA00D43DC4 /* Controller */,
				DAE7EEED1FBA145100D43DC4 /* Helpers */,
				DAE7EEC31FBA0E6400D43DC4 /* AppDelegate.swift */,
				DAE7EEC71FBA0E6400D43DC4 /* Main.storyboard */,
				DAE7EECC1FBA0E6400D43DC4 /* LaunchScreen.storyboard */,
				DAE7EECA1FBA0E6400D43DC4 /* Assets.xcassets */,
				DAE7EECF1FBA0E6400D43DC4 /* Info.plist */,
			);
			path = OnTheMapApp;
			sourceTree = "<group>";
		};
		DAE7EED51FBA0E8A00D43DC4 /* Model */ = {
			isa = PBXGroup;
			children = (
				DAE7EED61FBA0E9C00D43DC4 /* Clients */,
			);
			path = Model;
			sourceTree = "<group>";
		};
		DAE7EED61FBA0E9C00D43DC4 /* Clients */ = {
			isa = PBXGroup;
			children = (
				DAE7EED71FBA0EA600D43DC4 /* Udacity */,
				DAE7EED81FBA0EAF00D43DC4 /* Parse */,
			);
			path = Clients;
			sourceTree = "<group>";
		};
		DAE7EED71FBA0EA600D43DC4 /* Udacity */ = {
			isa = PBXGroup;
			children = (
				DAE7EEDD1FBA117D00D43DC4 /* UdacityConstants.swift */,
				DAE7EEDF1FBA118A00D43DC4 /* UdacityClient.swift */,
				DAE7EEE11FBA11AD00D43DC4 /* UdacityConvenience.swift */,
			);
			path = Udacity;
			sourceTree = "<group>";
		};
		DAE7EED81FBA0EAF00D43DC4 /* Parse */ = {
			isa = PBXGroup;
			children = (
				DAE7EEE31FBA11CB00D43DC4 /* ParseConstants.swift */,
				DAE7EEE51FBA11DC00D43DC4 /* ParseClient.swift */,
				DAE7EEE71FBA11F100D43DC4 /* ParseConvenience.swift */,
				DAE7EEE91FBA120F00D43DC4 /* StudentLocation.swift */,
				DAE7EEEB1FBA122200D43DC4 /* UserLocation.swift */,
			);
			path = Parse;
			sourceTree = "<group>";
		};
		DAE7EED91FBA0ED200D43DC4 /* View */ = {
			isa = PBXGroup;
			children = (
			);
			path = View;
			sourceTree = "<group>";
		};
		DAE7EEDA1FBA0EDA00D43DC4 /* Controller */ = {
			isa = PBXGroup;
			children = (
				DAE7EEF41FBA1B5F00D43DC4 /* InformationPosting */,
				DAE7EEF31FBA1B1500D43DC4 /* StudentLocations */,
				DAE7EEF21FBA1AFA00D43DC4 /* Login */,
			);
			path = Controller;
			sourceTree = "<group>";
		};
		DAE7EEED1FBA145100D43DC4 /* Helpers */ = {
			isa = PBXGroup;
			children = (
				DAE7EEEE1FBA147100D43DC4 /* GCDBlackBox.swift */,
				DA054C571FC549AF00D35C97 /* UIViewExtension.swift */,
			);
			path = Helpers;
			sourceTree = "<group>";
		};
		DAE7EEF21FBA1AFA00D43DC4 /* Login */ = {
			isa = PBXGroup;
			children = (
				DAE7EEDB1FBA0F5D00D43DC4 /* LoginViewController.swift */,
				DAE7EEF01FBA17A500D43DC4 /* SignUpWebViewController.swift */,
			);
			path = Login;
			sourceTree = "<group>";
		};
		DAE7EEF31FBA1B1500D43DC4 /* StudentLocations */ = {
			isa = PBXGroup;
			children = (
				DA54402D1FBF49F300C648C7 /* TabBarViewController.swift */,
				DAE7EEF51FBA1D0900D43DC4 /* MapViewController.swift */,
				DAE7EEF71FBA1D5400D43DC4 /* ListTableViewController.swift */,
				DAE7EEF91FBA1D7100D43DC4 /* ListTableViewCell.swift */,
			);
			path = StudentLocations;
			sourceTree = "<group>";
		};
		DAE7EEF41FBA1B5F00D43DC4 /* InformationPosting */ = {
			isa = PBXGroup;
			children = (
				DA5440291FBE533D00C648C7 /* AddLocationViewController.swift */,
				DA54402B1FBE536800C648C7 /* AddLocationMapViewController.swift */,
			);
			path = InformationPosting;
			sourceTree = "<group>";
		};
/* End PBXGroup section */

/* Begin PBXNativeTarget section */
		DAE7EEBF1FBA0E6400D43DC4 /* OnTheMapApp */ = {
			isa = PBXNativeTarget;
			buildConfigurationList = DAE7EED21FBA0E6400D43DC4 /* Build configuration list for PBXNativeTarget "OnTheMapApp" */;
			buildPhases = (
				DAE7EEBC1FBA0E6400D43DC4 /* Sources */,
				DAE7EEBD1FBA0E6400D43DC4 /* Frameworks */,
				DAE7EEBE1FBA0E6400D43DC4 /* Resources */,
			);
			buildRules = (
			);
			dependencies = (
			);
			name = OnTheMapApp;
			productName = OnTheMapApp;
			productReference = DAE7EEC01FBA0E6400D43DC4 /* OnTheMapApp.app */;
			productType = "com.apple.product-type.application";
		};
/* End PBXNativeTarget section */

/* Begin PBXProject section */
		DAE7EEB81FBA0E6400D43DC4 /* Project object */ = {
			isa = PBXProject;
			attributes = {
				LastSwiftUpdateCheck = 0910;
				LastUpgradeCheck = 0910;
				ORGANIZATIONNAME = "Andrew Jenson";
				TargetAttributes = {
					DAE7EEBF1FBA0E6400D43DC4 = {
						CreatedOnToolsVersion = 9.1;
						ProvisioningStyle = Automatic;
					};
				};
			};
			buildConfigurationList = DAE7EEBB1FBA0E6400D43DC4 /* Build configuration list for PBXProject "OnTheMapApp" */;
			compatibilityVersion = "Xcode 8.0";
			developmentRegion = en;
			hasScannedForEncodings = 0;
			knownRegions = (
				en,
				Base,
			);
			mainGroup = DAE7EEB71FBA0E6400D43DC4;
			productRefGroup = DAE7EEC11FBA0E6400D43DC4 /* Products */;
			projectDirPath = "";
			projectRoot = "";
			targets = (
				DAE7EEBF1FBA0E6400D43DC4 /* OnTheMapApp */,
			);
		};
/* End PBXProject section */

/* Begin PBXResourcesBuildPhase section */
		DAE7EEBE1FBA0E6400D43DC4 /* Resources */ = {
			isa = PBXResourcesBuildPhase;
			buildActionMask = 2147483647;
			files = (
				DAE7EECE1FBA0E6400D43DC4 /* LaunchScreen.storyboard in Resources */,
				DAE7EECB1FBA0E6400D43DC4 /* Assets.xcassets in Resources */,
				DAE7EEC91FBA0E6400D43DC4 /* Main.storyboard in Resources */,
			);
			runOnlyForDeploymentPostprocessing = 0;
		};
/* End PBXResourcesBuildPhase section */

/* Begin PBXSourcesBuildPhase section */
		DAE7EEBC1FBA0E6400D43DC4 /* Sources */ = {
			isa = PBXSourcesBuildPhase;
			buildActionMask = 2147483647;
			files = (
				DAE7EEEA1FBA120F00D43DC4 /* StudentLocation.swift in Sources */,
				DAE7EEE01FBA118A00D43DC4 /* UdacityClient.swift in Sources */,
				DAE7EEE81FBA11F100D43DC4 /* ParseConvenience.swift in Sources */,
				DAE7EEDC1FBA0F5D00D43DC4 /* LoginViewController.swift in Sources */,
				DA54402E1FBF49F300C648C7 /* TabBarViewController.swift in Sources */,
				DAE7EEEF1FBA147100D43DC4 /* GCDBlackBox.swift in Sources */,
				DAE7EEE61FBA11DC00D43DC4 /* ParseClient.swift in Sources */,
				DAE7EEF61FBA1D0900D43DC4 /* MapViewController.swift in Sources */,
				DAE7EEC41FBA0E6400D43DC4 /* AppDelegate.swift in Sources */,
				DAE7EEF11FBA17A500D43DC4 /* SignUpWebViewController.swift in Sources */,
				DAE7EEE21FBA11AD00D43DC4 /* UdacityConvenience.swift in Sources */,
				DAE7EEDE1FBA117D00D43DC4 /* UdacityConstants.swift in Sources */,
				DA54402C1FBE536800C648C7 /* AddLocationMapViewController.swift in Sources */,
				DA054C581FC549AF00D35C97 /* UIViewExtension.swift in Sources */,
				DA54402A1FBE533D00C648C7 /* AddLocationViewController.swift in Sources */,
				DAE7EEE41FBA11CB00D43DC4 /* ParseConstants.swift in Sources */,
				DAE7EEEC1FBA122200D43DC4 /* UserLocation.swift in Sources */,
				DAE7EEF81FBA1D5400D43DC4 /* ListTableViewController.swift in Sources */,
				DAE7EEFA1FBA1D7100D43DC4 /* ListTableViewCell.swift in Sources */,
			);
			runOnlyForDeploymentPostprocessing = 0;
		};
/* End PBXSourcesBuildPhase section */

/* Begin PBXVariantGroup section */
		DAE7EEC71FBA0E6400D43DC4 /* Main.storyboard */ = {
			isa = PBXVariantGroup;
			children = (
				DAE7EEC81FBA0E6400D43DC4 /* Base */,
			);
			name = Main.storyboard;
			sourceTree = "<group>";
		};
		DAE7EECC1FBA0E6400D43DC4 /* LaunchScreen.storyboard */ = {
			isa = PBXVariantGroup;
			children = (
				DAE7EECD1FBA0E6400D43DC4 /* Base */,
			);
			name = LaunchScreen.storyboard;
			sourceTree = "<group>";
		};
/* End PBXVariantGroup section */

/* Begin XCBuildConfiguration section */
		DAE7EED01FBA0E6400D43DC4 /* Debug */ = {
			isa = XCBuildConfiguration;
			buildSettings = {
				ALWAYS_SEARCH_USER_PATHS = NO;
				CLANG_ANALYZER_NONNULL = YES;
				CLANG_ANALYZER_NUMBER_OBJECT_CONVERSION = YES_AGGRESSIVE;
				CLANG_CXX_LANGUAGE_STANDARD = "gnu++14";
				CLANG_CXX_LIBRARY = "libc++";
				CLANG_ENABLE_MODULES = YES;
				CLANG_ENABLE_OBJC_ARC = YES;
				CLANG_WARN_BLOCK_CAPTURE_AUTORELEASING = YES;
				CLANG_WARN_BOOL_CONVERSION = YES;
				CLANG_WARN_COMMA = YES;
				CLANG_WARN_CONSTANT_CONVERSION = YES;
				CLANG_WARN_DIRECT_OBJC_ISA_USAGE = YES_ERROR;
				CLANG_WARN_DOCUMENTATION_COMMENTS = YES;
				CLANG_WARN_EMPTY_BODY = YES;
				CLANG_WARN_ENUM_CONVERSION = YES;
				CLANG_WARN_INFINITE_RECURSION = YES;
				CLANG_WARN_INT_CONVERSION = YES;
				CLANG_WARN_NON_LITERAL_NULL_CONVERSION = YES;
				CLANG_WARN_OBJC_LITERAL_CONVERSION = YES;
				CLANG_WARN_OBJC_ROOT_CLASS = YES_ERROR;
				CLANG_WARN_RANGE_LOOP_ANALYSIS = YES;
				CLANG_WARN_STRICT_PROTOTYPES = YES;
				CLANG_WARN_SUSPICIOUS_MOVE = YES;
				CLANG_WARN_UNGUARDED_AVAILABILITY = YES_AGGRESSIVE;
				CLANG_WARN_UNREACHABLE_CODE = YES;
				CLANG_WARN__DUPLICATE_METHOD_MATCH = YES;
				CODE_SIGN_IDENTITY = "iPhone Developer";
				COPY_PHASE_STRIP = NO;
				DEBUG_INFORMATION_FORMAT = dwarf;
				ENABLE_STRICT_OBJC_MSGSEND = YES;
				ENABLE_TESTABILITY = YES;
				GCC_C_LANGUAGE_STANDARD = gnu11;
				GCC_DYNAMIC_NO_PIC = NO;
				GCC_NO_COMMON_BLOCKS = YES;
				GCC_OPTIMIZATION_LEVEL = 0;
				GCC_PREPROCESSOR_DEFINITIONS = (
					"DEBUG=1",
					"$(inherited)",
				);
				GCC_WARN_64_TO_32_BIT_CONVERSION = YES;
				GCC_WARN_ABOUT_RETURN_TYPE = YES_ERROR;
				GCC_WARN_UNDECLARED_SELECTOR = YES;
				GCC_WARN_UNINITIALIZED_AUTOS = YES_AGGRESSIVE;
				GCC_WARN_UNUSED_FUNCTION = YES;
				GCC_WARN_UNUSED_VARIABLE = YES;
				IPHONEOS_DEPLOYMENT_TARGET = 11.1;
				MTL_ENABLE_DEBUG_INFO = YES;
				ONLY_ACTIVE_ARCH = YES;
				SDKROOT = iphoneos;
				SWIFT_ACTIVE_COMPILATION_CONDITIONS = DEBUG;
				SWIFT_OPTIMIZATION_LEVEL = "-Onone";
			};
			name = Debug;
		};
		DAE7EED11FBA0E6400D43DC4 /* Release */ = {
			isa = XCBuildConfiguration;
			buildSettings = {
				ALWAYS_SEARCH_USER_PATHS = NO;
				CLANG_ANALYZER_NONNULL = YES;
				CLANG_ANALYZER_NUMBER_OBJECT_CONVERSION = YES_AGGRESSIVE;
				CLANG_CXX_LANGUAGE_STANDARD = "gnu++14";
				CLANG_CXX_LIBRARY = "libc++";
				CLANG_ENABLE_MODULES = YES;
				CLANG_ENABLE_OBJC_ARC = YES;
				CLANG_WARN_BLOCK_CAPTURE_AUTORELEASING = YES;
				CLANG_WARN_BOOL_CONVERSION = YES;
				CLANG_WARN_COMMA = YES;
				CLANG_WARN_CONSTANT_CONVERSION = YES;
				CLANG_WARN_DIRECT_OBJC_ISA_USAGE = YES_ERROR;
				CLANG_WARN_DOCUMENTATION_COMMENTS = YES;
				CLANG_WARN_EMPTY_BODY = YES;
				CLANG_WARN_ENUM_CONVERSION = YES;
				CLANG_WARN_INFINITE_RECURSION = YES;
				CLANG_WARN_INT_CONVERSION = YES;
				CLANG_WARN_NON_LITERAL_NULL_CONVERSION = YES;
				CLANG_WARN_OBJC_LITERAL_CONVERSION = YES;
				CLANG_WARN_OBJC_ROOT_CLASS = YES_ERROR;
				CLANG_WARN_RANGE_LOOP_ANALYSIS = YES;
				CLANG_WARN_STRICT_PROTOTYPES = YES;
				CLANG_WARN_SUSPICIOUS_MOVE = YES;
				CLANG_WARN_UNGUARDED_AVAILABILITY = YES_AGGRESSIVE;
				CLANG_WARN_UNREACHABLE_CODE = YES;
				CLANG_WARN__DUPLICATE_METHOD_MATCH = YES;
				CODE_SIGN_IDENTITY = "iPhone Developer";
				COPY_PHASE_STRIP = NO;
				DEBUG_INFORMATION_FORMAT = "dwarf-with-dsym";
				ENABLE_NS_ASSERTIONS = NO;
				ENABLE_STRICT_OBJC_MSGSEND = YES;
				GCC_C_LANGUAGE_STANDARD = gnu11;
				GCC_NO_COMMON_BLOCKS = YES;
				GCC_WARN_64_TO_32_BIT_CONVERSION = YES;
				GCC_WARN_ABOUT_RETURN_TYPE = YES_ERROR;
				GCC_WARN_UNDECLARED_SELECTOR = YES;
				GCC_WARN_UNINITIALIZED_AUTOS = YES_AGGRESSIVE;
				GCC_WARN_UNUSED_FUNCTION = YES;
				GCC_WARN_UNUSED_VARIABLE = YES;
				IPHONEOS_DEPLOYMENT_TARGET = 11.1;
				MTL_ENABLE_DEBUG_INFO = NO;
				SDKROOT = iphoneos;
				SWIFT_OPTIMIZATION_LEVEL = "-Owholemodule";
				VALIDATE_PRODUCT = YES;
			};
			name = Release;
		};
		DAE7EED31FBA0E6400D43DC4 /* Debug */ = {
			isa = XCBuildConfiguration;
			buildSettings = {
				ASSETCATALOG_COMPILER_APPICON_NAME = AppIcon;
				CODE_SIGN_STYLE = Automatic;
				DEVELOPMENT_TEAM = 4N25H97F3B;
				INFOPLIST_FILE = OnTheMapApp/Info.plist;
				LD_RUNPATH_SEARCH_PATHS = "$(inherited) @executable_path/Frameworks";
				PRODUCT_BUNDLE_IDENTIFIER = udacity.OnTheMapApp;
				PRODUCT_NAME = "$(TARGET_NAME)";
				SWIFT_VERSION = 4.0;
				TARGETED_DEVICE_FAMILY = "1,2";
			};
			name = Debug;
		};
		DAE7EED41FBA0E6400D43DC4 /* Release */ = {
			isa = XCBuildConfiguration;
			buildSettings = {
				ASSETCATALOG_COMPILER_APPICON_NAME = AppIcon;
				CODE_SIGN_STYLE = Automatic;
				DEVELOPMENT_TEAM = 4N25H97F3B;
				INFOPLIST_FILE = OnTheMapApp/Info.plist;
				LD_RUNPATH_SEARCH_PATHS = "$(inherited) @executable_path/Frameworks";
				PRODUCT_BUNDLE_IDENTIFIER = udacity.OnTheMapApp;
				PRODUCT_NAME = "$(TARGET_NAME)";
				SWIFT_VERSION = 4.0;
				TARGETED_DEVICE_FAMILY = "1,2";
			};
			name = Release;
		};
/* End XCBuildConfiguration section */

/* Begin XCConfigurationList section */
		DAE7EEBB1FBA0E6400D43DC4 /* Build configuration list for PBXProject "OnTheMapApp" */ = {
			isa = XCConfigurationList;
			buildConfigurations = (
				DAE7EED01FBA0E6400D43DC4 /* Debug */,
				DAE7EED11FBA0E6400D43DC4 /* Release */,
			);
			defaultConfigurationIsVisible = 0;
			defaultConfigurationName = Release;
		};
		DAE7EED21FBA0E6400D43DC4 /* Build configuration list for PBXNativeTarget "OnTheMapApp" */ = {
			isa = XCConfigurationList;
			buildConfigurations = (
				DAE7EED31FBA0E6400D43DC4 /* Debug */,
				DAE7EED41FBA0E6400D43DC4 /* Release */,
			);
			defaultConfigurationIsVisible = 0;
			defaultConfigurationName = Release;
		};
/* End XCConfigurationList section */
	};
	rootObject = DAE7EEB81FBA0E6400D43DC4 /* Project object */;
}
